// !$*UTF8*$!
{
	archiveVersion = 1;
	classes = {
	};
	objectVersion = 56;
	objects = {

/* Begin PBXBuildFile section */
		922C379E29B05FE5008BC3B2 /* CurrentWeatherView.swift in Sources */ = {isa = PBXBuildFile; fileRef = 922C379D29B05FE5008BC3B2 /* CurrentWeatherView.swift */; };
		9257DB2D29D0DFC50075F93D /* CurrentPlaceWeather.swift in Sources */ = {isa = PBXBuildFile; fileRef = 9257DB2C29D0DFC50075F93D /* CurrentPlaceWeather.swift */; };
		9257DB2F29D0E7870075F93D /* CurrentWeatheLable.swift in Sources */ = {isa = PBXBuildFile; fileRef = 9257DB2E29D0E7870075F93D /* CurrentWeatheLable.swift */; };
		9274EDF9299C814A0000E6BE /* WeatherApp.swift in Sources */ = {isa = PBXBuildFile; fileRef = 9274EDF8299C814A0000E6BE /* WeatherApp.swift */; };
		9274EDFD299C814B0000E6BE /* Assets.xcassets in Resources */ = {isa = PBXBuildFile; fileRef = 9274EDFC299C814B0000E6BE /* Assets.xcassets */; };
		9274EE00299C814B0000E6BE /* Preview Assets.xcassets in Resources */ = {isa = PBXBuildFile; fileRef = 9274EDFF299C814B0000E6BE /* Preview Assets.xcassets */; };
		9274EE16299C87950000E6BE /* WeatherModel.swift in Sources */ = {isa = PBXBuildFile; fileRef = 9274EE15299C87940000E6BE /* WeatherModel.swift */; };
		9274EE1F299C87F70000E6BE /* WeatherLable.swift in Sources */ = {isa = PBXBuildFile; fileRef = 9274EE1E299C87F70000E6BE /* WeatherLable.swift */; };
		9274EE21299C88110000E6BE /* WeatherView.swift in Sources */ = {isa = PBXBuildFile; fileRef = 9274EE20299C88110000E6BE /* WeatherView.swift */; };
		9274EE25299C884B0000E6BE /* HomeWeatherView.swift in Sources */ = {isa = PBXBuildFile; fileRef = 9274EE24299C884B0000E6BE /* HomeWeatherView.swift */; };
		9274EE2F299C8B8C0000E6BE /* Errors.swift in Sources */ = {isa = PBXBuildFile; fileRef = 9274EE2E299C8B8C0000E6BE /* Errors.swift */; };
		9274EE3A299D969A0000E6BE /* Double.swift in Sources */ = {isa = PBXBuildFile; fileRef = 9274EE39299D969A0000E6BE /* Double.swift */; };
		929CA85C299F35BD00EA524F /* ViewModel.swift in Sources */ = {isa = PBXBuildFile; fileRef = 929CA85B299F35BD00EA524F /* ViewModel.swift */; };
		92E172D329C60F2B00D98049 /* TodayHourlyView.swift in Sources */ = {isa = PBXBuildFile; fileRef = 92E172D229C60F2B00D98049 /* TodayHourlyView.swift */; };
		92E172D729C769BA00D98049 /* LocationManager.swift in Sources */ = {isa = PBXBuildFile; fileRef = 92E172D629C769BA00D98049 /* LocationManager.swift */; };
		92E172DB29C78B3D00D98049 /* CityModel.swift in Sources */ = {isa = PBXBuildFile; fileRef = 92E172DA29C78B3D00D98049 /* CityModel.swift */; };
/* End PBXBuildFile section */

/* Begin PBXFileReference section */
		922C379D29B05FE5008BC3B2 /* CurrentWeatherView.swift */ = {isa = PBXFileReference; lastKnownFileType = sourcecode.swift; path = CurrentWeatherView.swift; sourceTree = "<group>"; };
		9257DB2C29D0DFC50075F93D /* CurrentPlaceWeather.swift */ = {isa = PBXFileReference; lastKnownFileType = sourcecode.swift; path = CurrentPlaceWeather.swift; sourceTree = "<group>"; };
		9257DB2E29D0E7870075F93D /* CurrentWeatheLable.swift */ = {isa = PBXFileReference; lastKnownFileType = sourcecode.swift; path = CurrentWeatheLable.swift; sourceTree = "<group>"; };
		9274EDF5299C814A0000E6BE /* Weather.app */ = {isa = PBXFileReference; explicitFileType = wrapper.application; includeInIndex = 0; path = Weather.app; sourceTree = BUILT_PRODUCTS_DIR; };
		9274EDF8299C814A0000E6BE /* WeatherApp.swift */ = {isa = PBXFileReference; lastKnownFileType = sourcecode.swift; path = WeatherApp.swift; sourceTree = "<group>"; };
		9274EDFC299C814B0000E6BE /* Assets.xcassets */ = {isa = PBXFileReference; lastKnownFileType = folder.assetcatalog; path = Assets.xcassets; sourceTree = "<group>"; };
		9274EDFF299C814B0000E6BE /* Preview Assets.xcassets */ = {isa = PBXFileReference; lastKnownFileType = folder.assetcatalog; path = "Preview Assets.xcassets"; sourceTree = "<group>"; };
		9274EE14299C82350000E6BE /* Info.plist */ = {isa = PBXFileReference; lastKnownFileType = text.plist; path = Info.plist; sourceTree = "<group>"; };
		9274EE15299C87940000E6BE /* WeatherModel.swift */ = {isa = PBXFileReference; lastKnownFileType = sourcecode.swift; path = WeatherModel.swift; sourceTree = "<group>"; };
		9274EE1E299C87F70000E6BE /* WeatherLable.swift */ = {isa = PBXFileReference; lastKnownFileType = sourcecode.swift; path = WeatherLable.swift; sourceTree = "<group>"; };
		9274EE20299C88110000E6BE /* WeatherView.swift */ = {isa = PBXFileReference; lastKnownFileType = sourcecode.swift; path = WeatherView.swift; sourceTree = "<group>"; };
		9274EE24299C884B0000E6BE /* HomeWeatherView.swift */ = {isa = PBXFileReference; lastKnownFileType = sourcecode.swift; path = HomeWeatherView.swift; sourceTree = "<group>"; };
		9274EE2E299C8B8C0000E6BE /* Errors.swift */ = {isa = PBXFileReference; lastKnownFileType = sourcecode.swift; path = Errors.swift; sourceTree = "<group>"; };
		9274EE39299D969A0000E6BE /* Double.swift */ = {isa = PBXFileReference; lastKnownFileType = sourcecode.swift; path = Double.swift; sourceTree = "<group>"; };
		929CA85B299F35BD00EA524F /* ViewModel.swift */ = {isa = PBXFileReference; lastKnownFileType = sourcecode.swift; path = ViewModel.swift; sourceTree = "<group>"; };
		92E172D229C60F2B00D98049 /* TodayHourlyView.swift */ = {isa = PBXFileReference; lastKnownFileType = sourcecode.swift; path = TodayHourlyView.swift; sourceTree = "<group>"; };
		92E172D629C769BA00D98049 /* LocationManager.swift */ = {isa = PBXFileReference; lastKnownFileType = sourcecode.swift; path = LocationManager.swift; sourceTree = "<group>"; };
		92E172DA29C78B3D00D98049 /* CityModel.swift */ = {isa = PBXFileReference; lastKnownFileType = sourcecode.swift; path = CityModel.swift; sourceTree = "<group>"; };
/* End PBXFileReference section */

/* Begin PBXFrameworksBuildPhase section */
		9274EDF2299C814A0000E6BE /* Frameworks */ = {
			isa = PBXFrameworksBuildPhase;
			buildActionMask = 2147483647;
			files = (
			);
			runOnlyForDeploymentPostprocessing = 0;
		};
/* End PBXFrameworksBuildPhase section */

/* Begin PBXGroup section */
		9274EDEC299C814A0000E6BE = {
			isa = PBXGroup;
			children = (
				9274EDF7299C814A0000E6BE /* Weather */,
				9274EDF6299C814A0000E6BE /* Products */,
			);
			sourceTree = "<group>";
		};
		9274EDF6299C814A0000E6BE /* Products */ = {
			isa = PBXGroup;
			children = (
				9274EDF5299C814A0000E6BE /* Weather.app */,
			);
			name = Products;
			sourceTree = "<group>";
		};
		9274EDF7299C814A0000E6BE /* Weather */ = {
			isa = PBXGroup;
			children = (
				9274EE14299C82350000E6BE /* Info.plist */,
				9274EDF8299C814A0000E6BE /* WeatherApp.swift */,
				9274EE2B299C8A290000E6BE /* Errors */,
				9274EE2A299C8A1F0000E6BE /* Home */,
				9274EE29299C8A090000E6BE /* Services */,
				9274EE28299C89F20000E6BE /* Models */,
				9274EDFC299C814B0000E6BE /* Assets.xcassets */,
				9274EDFE299C814B0000E6BE /* Preview Content */,
			);
			path = Weather;
			sourceTree = "<group>";
		};
		9274EDFE299C814B0000E6BE /* Preview Content */ = {
			isa = PBXGroup;
			children = (
				9274EDFF299C814B0000E6BE /* Preview Assets.xcassets */,
			);
			path = "Preview Content";
			sourceTree = "<group>";
		};
		9274EE28299C89F20000E6BE /* Models */ = {
			isa = PBXGroup;
			children = (
				9274EE15299C87940000E6BE /* WeatherModel.swift */,
				92E172DA29C78B3D00D98049 /* CityModel.swift */,
				9274EE39299D969A0000E6BE /* Double.swift */,
			);
			path = Models;
			sourceTree = "<group>";
		};
		9274EE29299C8A090000E6BE /* Services */ = {
			isa = PBXGroup;
			children = (
				929CA85B299F35BD00EA524F /* ViewModel.swift */,
				92E172D629C769BA00D98049 /* LocationManager.swift */,
			);
			path = Services;
			sourceTree = "<group>";
		};
		9274EE2A299C8A1F0000E6BE /* Home */ = {
			isa = PBXGroup;
			children = (
				9274EE2D299C8A4E0000E6BE /* View */,
				9274EE2C299C8A410000E6BE /* Utilyti */,
			);
			path = Home;
			sourceTree = "<group>";
		};
		9274EE2B299C8A290000E6BE /* Errors */ = {
			isa = PBXGroup;
			children = (
				9274EE2E299C8B8C0000E6BE /* Errors.swift */,
			);
			path = Errors;
			sourceTree = "<group>";
		};
		9274EE2C299C8A410000E6BE /* Utilyti */ = {
			isa = PBXGroup;
			children = (
				9274EE1E299C87F70000E6BE /* WeatherLable.swift */,
				9257DB2E29D0E7870075F93D /* CurrentWeatheLable.swift */,
				9274EE20299C88110000E6BE /* WeatherView.swift */,
				922C379D29B05FE5008BC3B2 /* CurrentWeatherView.swift */,
			);
			path = Utilyti;
			sourceTree = "<group>";
		};
		9274EE2D299C8A4E0000E6BE /* View */ = {
			isa = PBXGroup;
			children = (
				9274EE24299C884B0000E6BE /* HomeWeatherView.swift */,
				9257DB2C29D0DFC50075F93D /* CurrentPlaceWeather.swift */,
				92E172D229C60F2B00D98049 /* TodayHourlyView.swift */,
			);
			path = View;
			sourceTree = "<group>";
		};
/* End PBXGroup section */

/* Begin PBXNativeTarget section */
		9274EDF4299C814A0000E6BE /* Weather */ = {
			isa = PBXNativeTarget;
			buildConfigurationList = 9274EE03299C814B0000E6BE /* Build configuration list for PBXNativeTarget "Weather" */;
			buildPhases = (
				9274EDF1299C814A0000E6BE /* Sources */,
				9274EDF2299C814A0000E6BE /* Frameworks */,
				9274EDF3299C814A0000E6BE /* Resources */,
			);
			buildRules = (
			);
			dependencies = (
			);
			name = Weather;
			productName = Weather;
			productReference = 9274EDF5299C814A0000E6BE /* Weather.app */;
			productType = "com.apple.product-type.application";
		};
/* End PBXNativeTarget section */

/* Begin PBXProject section */
		9274EDED299C814A0000E6BE /* Project object */ = {
			isa = PBXProject;
			attributes = {
				BuildIndependentTargetsInParallel = 1;
				LastSwiftUpdateCheck = 1420;
				LastUpgradeCheck = 1420;
				TargetAttributes = {
					9274EDF4299C814A0000E6BE = {
						CreatedOnToolsVersion = 14.2;
					};
				};
			};
			buildConfigurationList = 9274EDF0299C814A0000E6BE /* Build configuration list for PBXProject "Weather" */;
			compatibilityVersion = "Xcode 14.0";
			developmentRegion = en;
			hasScannedForEncodings = 0;
			knownRegions = (
				en,
				Base,
			);
			mainGroup = 9274EDEC299C814A0000E6BE;
			productRefGroup = 9274EDF6299C814A0000E6BE /* Products */;
			projectDirPath = "";
			projectRoot = "";
			targets = (
				9274EDF4299C814A0000E6BE /* Weather */,
			);
		};
/* End PBXProject section */

/* Begin PBXResourcesBuildPhase section */
		9274EDF3299C814A0000E6BE /* Resources */ = {
			isa = PBXResourcesBuildPhase;
			buildActionMask = 2147483647;
			files = (
				9274EE00299C814B0000E6BE /* Preview Assets.xcassets in Resources */,
				9274EDFD299C814B0000E6BE /* Assets.xcassets in Resources */,
			);
			runOnlyForDeploymentPostprocessing = 0;
		};
/* End PBXResourcesBuildPhase section */

/* Begin PBXSourcesBuildPhase section */
		9274EDF1299C814A0000E6BE /* Sources */ = {
			isa = PBXSourcesBuildPhase;
			buildActionMask = 2147483647;
			files = (
				9257DB2F29D0E7870075F93D /* CurrentWeatheLable.swift in Sources */,
				92E172DB29C78B3D00D98049 /* CityModel.swift in Sources */,
				929CA85C299F35BD00EA524F /* ViewModel.swift in Sources */,
				922C379E29B05FE5008BC3B2 /* CurrentWeatherView.swift in Sources */,
				9274EE16299C87950000E6BE /* WeatherModel.swift in Sources */,
				9274EE25299C884B0000E6BE /* HomeWeatherView.swift in Sources */,
				9274EE2F299C8B8C0000E6BE /* Errors.swift in Sources */,
				92E172D729C769BA00D98049 /* LocationManager.swift in Sources */,
				9257DB2D29D0DFC50075F93D /* CurrentPlaceWeather.swift in Sources */,
				9274EE3A299D969A0000E6BE /* Double.swift in Sources */,
				92E172D329C60F2B00D98049 /* TodayHourlyView.swift in Sources */,
				9274EE1F299C87F70000E6BE /* WeatherLable.swift in Sources */,
				9274EDF9299C814A0000E6BE /* WeatherApp.swift in Sources */,
				9274EE21299C88110000E6BE /* WeatherView.swift in Sources */,
			);
			runOnlyForDeploymentPostprocessing = 0;
		};
/* End PBXSourcesBuildPhase section */

/* Begin XCBuildConfiguration section */
		9274EE01299C814B0000E6BE /* Debug */ = {
			isa = XCBuildConfiguration;
			buildSettings = {
				ALWAYS_SEARCH_USER_PATHS = NO;
				CLANG_ANALYZER_NONNULL = YES;
				CLANG_ANALYZER_NUMBER_OBJECT_CONVERSION = YES_AGGRESSIVE;
				CLANG_CXX_LANGUAGE_STANDARD = "gnu++20";
				CLANG_ENABLE_MODULES = YES;
				CLANG_ENABLE_OBJC_ARC = YES;
				CLANG_ENABLE_OBJC_WEAK = YES;
				CLANG_WARN_BLOCK_CAPTURE_AUTORELEASING = YES;
				CLANG_WARN_BOOL_CONVERSION = YES;
				CLANG_WARN_COMMA = YES;
				CLANG_WARN_CONSTANT_CONVERSION = YES;
				CLANG_WARN_DEPRECATED_OBJC_IMPLEMENTATIONS = YES;
				CLANG_WARN_DIRECT_OBJC_ISA_USAGE = YES_ERROR;
				CLANG_WARN_DOCUMENTATION_COMMENTS = YES;
				CLANG_WARN_EMPTY_BODY = YES;
				CLANG_WARN_ENUM_CONVERSION = YES;
				CLANG_WARN_INFINITE_RECURSION = YES;
				CLANG_WARN_INT_CONVERSION = YES;
				CLANG_WARN_NON_LITERAL_NULL_CONVERSION = YES;
				CLANG_WARN_OBJC_IMPLICIT_RETAIN_SELF = YES;
				CLANG_WARN_OBJC_LITERAL_CONVERSION = YES;
				CLANG_WARN_OBJC_ROOT_CLASS = YES_ERROR;
				CLANG_WARN_QUOTED_INCLUDE_IN_FRAMEWORK_HEADER = YES;
				CLANG_WARN_RANGE_LOOP_ANALYSIS = YES;
				CLANG_WARN_STRICT_PROTOTYPES = YES;
				CLANG_WARN_SUSPICIOUS_MOVE = YES;
				CLANG_WARN_UNGUARDED_AVAILABILITY = YES_AGGRESSIVE;
				CLANG_WARN_UNREACHABLE_CODE = YES;
				CLANG_WARN__DUPLICATE_METHOD_MATCH = YES;
				COPY_PHASE_STRIP = NO;
				DEBUG_INFORMATION_FORMAT = dwarf;
				ENABLE_STRICT_OBJC_MSGSEND = YES;
				ENABLE_TESTABILITY = YES;
				GCC_C_LANGUAGE_STANDARD = gnu11;
				GCC_DYNAMIC_NO_PIC = NO;
				GCC_NO_COMMON_BLOCKS = YES;
				GCC_OPTIMIZATION_LEVEL = 0;
				GCC_PREPROCESSOR_DEFINITIONS = (
					"DEBUG=1",
					"$(inherited)",
				);
				GCC_WARN_64_TO_32_BIT_CONVERSION = YES;
				GCC_WARN_ABOUT_RETURN_TYPE = YES_ERROR;
				GCC_WARN_UNDECLARED_SELECTOR = YES;
				GCC_WARN_UNINITIALIZED_AUTOS = YES_AGGRESSIVE;
				GCC_WARN_UNUSED_FUNCTION = YES;
				GCC_WARN_UNUSED_VARIABLE = YES;
				IPHONEOS_DEPLOYMENT_TARGET = 16.2;
				MTL_ENABLE_DEBUG_INFO = INCLUDE_SOURCE;
				MTL_FAST_MATH = YES;
				ONLY_ACTIVE_ARCH = YES;
				SDKROOT = iphoneos;
				SWIFT_ACTIVE_COMPILATION_CONDITIONS = DEBUG;
				SWIFT_OPTIMIZATION_LEVEL = "-Onone";
			};
			name = Debug;
		};
		9274EE02299C814B0000E6BE /* Release */ = {
			isa = XCBuildConfiguration;
			buildSettings = {
				ALWAYS_SEARCH_USER_PATHS = NO;
				CLANG_ANALYZER_NONNULL = YES;
				CLANG_ANALYZER_NUMBER_OBJECT_CONVERSION = YES_AGGRESSIVE;
				CLANG_CXX_LANGUAGE_STANDARD = "gnu++20";
				CLANG_ENABLE_MODULES = YES;
				CLANG_ENABLE_OBJC_ARC = YES;
				CLANG_ENABLE_OBJC_WEAK = YES;
				CLANG_WARN_BLOCK_CAPTURE_AUTORELEASING = YES;
				CLANG_WARN_BOOL_CONVERSION = YES;
				CLANG_WARN_COMMA = YES;
				CLANG_WARN_CONSTANT_CONVERSION = YES;
				CLANG_WARN_DEPRECATED_OBJC_IMPLEMENTATIONS = YES;
				CLANG_WARN_DIRECT_OBJC_ISA_USAGE = YES_ERROR;
				CLANG_WARN_DOCUMENTATION_COMMENTS = YES;
				CLANG_WARN_EMPTY_BODY = YES;
				CLANG_WARN_ENUM_CONVERSION = YES;
				CLANG_WARN_INFINITE_RECURSION = YES;
				CLANG_WARN_INT_CONVERSION = YES;
				CLANG_WARN_NON_LITERAL_NULL_CONVERSION = YES;
				CLANG_WARN_OBJC_IMPLICIT_RETAIN_SELF = YES;
				CLANG_WARN_OBJC_LITERAL_CONVERSION = YES;
				CLANG_WARN_OBJC_ROOT_CLASS = YES_ERROR;
				CLANG_WARN_QUOTED_INCLUDE_IN_FRAMEWORK_HEADER = YES;
				CLANG_WARN_RANGE_LOOP_ANALYSIS = YES;
				CLANG_WARN_STRICT_PROTOTYPES = YES;
				CLANG_WARN_SUSPICIOUS_MOVE = YES;
				CLANG_WARN_UNGUARDED_AVAILABILITY = YES_AGGRESSIVE;
				CLANG_WARN_UNREACHABLE_CODE = YES;
				CLANG_WARN__DUPLICATE_METHOD_MATCH = YES;
				COPY_PHASE_STRIP = NO;
				DEBUG_INFORMATION_FORMAT = "dwarf-with-dsym";
				ENABLE_NS_ASSERTIONS = NO;
				ENABLE_STRICT_OBJC_MSGSEND = YES;
				GCC_C_LANGUAGE_STANDARD = gnu11;
				GCC_NO_COMMON_BLOCKS = YES;
				GCC_WARN_64_TO_32_BIT_CONVERSION = YES;
				GCC_WARN_ABOUT_RETURN_TYPE = YES_ERROR;
				GCC_WARN_UNDECLARED_SELECTOR = YES;
				GCC_WARN_UNINITIALIZED_AUTOS = YES_AGGRESSIVE;
				GCC_WARN_UNUSED_FUNCTION = YES;
				GCC_WARN_UNUSED_VARIABLE = YES;
				IPHONEOS_DEPLOYMENT_TARGET = 16.2;
				MTL_ENABLE_DEBUG_INFO = NO;
				MTL_FAST_MATH = YES;
				SDKROOT = iphoneos;
				SWIFT_COMPILATION_MODE = wholemodule;
				SWIFT_OPTIMIZATION_LEVEL = "-O";
				VALIDATE_PRODUCT = YES;
			};
			name = Release;
		};
		9274EE04299C814B0000E6BE /* Debug */ = {
			isa = XCBuildConfiguration;
			buildSettings = {
				ASSETCATALOG_COMPILER_APPICON_NAME = AppIcon;
				ASSETCATALOG_COMPILER_GLOBAL_ACCENT_COLOR_NAME = AccentColor;
				CODE_SIGN_STYLE = Automatic;
				CURRENT_PROJECT_VERSION = 1;
				DEVELOPMENT_ASSET_PATHS = "\"Weather/Preview Content\"";
				DEVELOPMENT_TEAM = 52ZNPB2B6S;
				ENABLE_PREVIEWS = YES;
				GENERATE_INFOPLIST_FILE = YES;
				INFOPLIST_FILE = Weather/Info.plist;
				INFOPLIST_KEY_CFBundleDisplayName = Weather;
				INFOPLIST_KEY_NSLocationAlwaysAndWhenInUseUsageDescription = "This app requires your location to provide weather data.";
				INFOPLIST_KEY_NSLocationWhenInUseUsageDescription = "This app requires your location to provide weather data.";
				INFOPLIST_KEY_UIApplicationSupportsIndirectInputEvents = YES;
				INFOPLIST_KEY_UILaunchScreen_Generation = YES;
				INFOPLIST_KEY_UISupportedInterfaceOrientations = UIInterfaceOrientationPortrait;
				INFOPLIST_KEY_UIUserInterfaceStyle = Dark;
				IPHONEOS_DEPLOYMENT_TARGET = 16.1;
				LD_RUNPATH_SEARCH_PATHS = (
					"$(inherited)",
					"@executable_path/Frameworks",
				);
				MARKETING_VERSION = 1.0;
				PRODUCT_BUNDLE_IDENTIFIER = "salaudindr-gmail.com.Weather";
				PRODUCT_NAME = "$(TARGET_NAME)";
				SWIFT_EMIT_LOC_STRINGS = YES;
				SWIFT_VERSION = 5.0;
				TARGETED_DEVICE_FAMILY = "1,2";
			};
			name = Debug;
		};
		9274EE05299C814B0000E6BE /* Release */ = {
			isa = XCBuildConfiguration;
			buildSettings = {
				ASSETCATALOG_COMPILER_APPICON_NAME = AppIcon;
				ASSETCATALOG_COMPILER_GLOBAL_ACCENT_COLOR_NAME = AccentColor;
				CODE_SIGN_STYLE = Automatic;
				CURRENT_PROJECT_VERSION = 1;
				DEVELOPMENT_ASSET_PATHS = "\"Weather/Preview Content\"";
				DEVELOPMENT_TEAM = 52ZNPB2B6S;
				ENABLE_PREVIEWS = YES;
				GENERATE_INFOPLIST_FILE = YES;
				INFOPLIST_FILE = Weather/Info.plist;
				INFOPLIST_KEY_CFBundleDisplayName = Weather;
				INFOPLIST_KEY_NSLocationAlwaysAndWhenInUseUsageDescription = "This app requires your location to provide weather data.";
				INFOPLIST_KEY_NSLocationWhenInUseUsageDescription = "This app requires your location to provide weather data.";
				INFOPLIST_KEY_UIApplicationSupportsIndirectInputEvents = YES;
				INFOPLIST_KEY_UILaunchScreen_Generation = YES;
				INFOPLIST_KEY_UISupportedInterfaceOrientations = UIInterfaceOrientationPortrait;
				INFOPLIST_KEY_UIUserInterfaceStyle = Dark;
				IPHONEOS_DEPLOYMENT_TARGET = 16.1;
				LD_RUNPATH_SEARCH_PATHS = (
					"$(inherited)",
					"@executable_path/Frameworks",
				);
				MARKETING_VERSION = 1.0;
				PRODUCT_BUNDLE_IDENTIFIER = "salaudindr-gmail.com.Weather";
				PRODUCT_NAME = "$(TARGET_NAME)";
				SWIFT_EMIT_LOC_STRINGS = YES;
				SWIFT_VERSION = 5.0;
				TARGETED_DEVICE_FAMILY = "1,2";
			};
			name = Release;
		};
/* End XCBuildConfiguration section */

/* Begin XCConfigurationList section */
		9274EDF0299C814A0000E6BE /* Build configuration list for PBXProject "Weather" */ = {
			isa = XCConfigurationList;
			buildConfigurations = (
				9274EE01299C814B0000E6BE /* Debug */,
				9274EE02299C814B0000E6BE /* Release */,
			);
			defaultConfigurationIsVisible = 0;
			defaultConfigurationName = Release;
		};
		9274EE03299C814B0000E6BE /* Build configuration list for PBXNativeTarget "Weather" */ = {
			isa = XCConfigurationList;
			buildConfigurations = (
				9274EE04299C814B0000E6BE /* Debug */,
				9274EE05299C814B0000E6BE /* Release */,
			);
			defaultConfigurationIsVisible = 0;
			defaultConfigurationName = Release;
		};
/* End XCConfigurationList section */
	};
	rootObject = 9274EDED299C814A0000E6BE /* Project object */;
}
